
Microsoft Visual Studio Solution File, Format Version 12.00
# Visual Studio Version 16
VisualStudioVersion = 16.0.34729.46
MinimumVisualStudioVersion = 10.0.40219.1
Project("{FAE04EC0-301F-11D3-BF4B-00C04F79EFBC}") = "ConsoleApp00900900", "ConsoleApp00900900.csproj", "{B312A299-850A-45D8-8F59-16683481DCFE}"
EndProject
Global
	GlobalSection(SolutionConfigurationPlatforms) = preSolution
		Debug|Any CPU = Debug|Any CPU
		Release|Any CPU = Release|Any CPU
	EndGlobalSection
	GlobalSection(ProjectConfigurationPlatforms) = postSolution
		{B312A299-850A-45D8-8F59-16683481DCFE}.Debug|Any CPU.ActiveCfg = Debug|Any CPU
		{B312A299-850A-45D8-8F59-16683481DCFE}.Debug|Any CPU.Build.0 = Debug|Any CPU
		{B312A299-850A-45D8-8F59-16683481DCFE}.Release|Any CPU.ActiveCfg = Release|Any CPU
		{B312A299-850A-45D8-8F59-16683481DCFE}.Release|Any CPU.Build.0 = Release|Any CPU
	EndGlobalSection
	GlobalSection(SolutionProperties) = preSolution
		HideSolutionNode = FALSE
	EndGlobalSection
	GlobalSection(ExtensibilityGlobals) = postSolution
		SolutionGuid = {415A12BF-96FD-4EA2-924C-E51527999884}
	EndGlobalSection
EndGlobal
